// !$*UTF8*$!
{
	archiveVersion = 1;
	classes = {
	};
	objectVersion = 46;
	objects = {

/* Begin PBXBuildFile section */
		D795C99A1AFB0AAC00779E8C /* AppDelegate.swift in Sources */ = {isa = PBXBuildFile; fileRef = D795C9991AFB0AAC00779E8C /* AppDelegate.swift */; };
		D795C99C1AFB0AAC00779E8C /* ViewController.swift in Sources */ = {isa = PBXBuildFile; fileRef = D795C99B1AFB0AAC00779E8C /* ViewController.swift */; };
		D795C99F1AFB0AAD00779E8C /* Main.storyboard in Resources */ = {isa = PBXBuildFile; fileRef = D795C99D1AFB0AAD00779E8C /* Main.storyboard */; };
		D795C9A11AFB0AAD00779E8C /* Images.xcassets in Resources */ = {isa = PBXBuildFile; fileRef = D795C9A01AFB0AAD00779E8C /* Images.xcassets */; };
		D795C9A41AFB0AAD00779E8C /* LaunchScreen.xib in Resources */ = {isa = PBXBuildFile; fileRef = D795C9A21AFB0AAD00779E8C /* LaunchScreen.xib */; };
		D795C9B01AFB0AAD00779E8C /* buttonTests.swift in Sources */ = {isa = PBXBuildFile; fileRef = D795C9AF1AFB0AAD00779E8C /* buttonTests.swift */; };
		D795C9BA1AFB292B00779E8C /* doge.jpg in Resources */ = {isa = PBXBuildFile; fileRef = D795C9B91AFB292B00779E8C /* doge.jpg */; };
		D795C9BC1AFB2D4B00779E8C /* 89002-doge-confused-dog.png.jpeg in Resources */ = {isa = PBXBuildFile; fileRef = D795C9BB1AFB2D4B00779E8C /* 89002-doge-confused-dog.png.jpeg */; };
		D795C9BE1AFB2F4B00779E8C /* nyan_cat_wallpaper_by_jeremifier-d3kf4fj.png in Resources */ = {isa = PBXBuildFile; fileRef = D795C9BD1AFB2F4B00779E8C /* nyan_cat_wallpaper_by_jeremifier-d3kf4fj.png */; };
		D795C9C01AFB33BD00779E8C /* hqdefault.jpg in Resources */ = {isa = PBXBuildFile; fileRef = D795C9BF1AFB33BD00779E8C /* hqdefault.jpg */; };
/* End PBXBuildFile section */

/* Begin PBXContainerItemProxy section */
		D795C9AA1AFB0AAD00779E8C /* PBXContainerItemProxy */ = {
			isa = PBXContainerItemProxy;
			containerPortal = D795C98C1AFB0AAC00779E8C /* Project object */;
			proxyType = 1;
			remoteGlobalIDString = D795C9931AFB0AAC00779E8C;
			remoteInfo = button;
		};
/* End PBXContainerItemProxy section */

/* Begin PBXFileReference section */
		D795C9941AFB0AAC00779E8C /* button.app */ = {isa = PBXFileReference; explicitFileType = wrapper.application; includeInIndex = 0; path = button.app; sourceTree = BUILT_PRODUCTS_DIR; };
		D795C9981AFB0AAC00779E8C /* Info.plist */ = {isa = PBXFileReference; lastKnownFileType = text.plist.xml; path = Info.plist; sourceTree = "<group>"; };
		D795C9991AFB0AAC00779E8C /* AppDelegate.swift */ = {isa = PBXFileReference; lastKnownFileType = sourcecode.swift; path = AppDelegate.swift; sourceTree = "<group>"; };
		D795C99B1AFB0AAC00779E8C /* ViewController.swift */ = {isa = PBXFileReference; lastKnownFileType = sourcecode.swift; path = ViewController.swift; sourceTree = "<group>"; };
		D795C99E1AFB0AAD00779E8C /* Base */ = {isa = PBXFileReference; lastKnownFileType = file.storyboard; name = Base; path = Base.lproj/Main.storyboard; sourceTree = "<group>"; };
		D795C9A01AFB0AAD00779E8C /* Images.xcassets */ = {isa = PBXFileReference; lastKnownFileType = folder.assetcatalog; path = Images.xcassets; sourceTree = "<group>"; };
		D795C9A31AFB0AAD00779E8C /* Base */ = {isa = PBXFileReference; lastKnownFileType = file.xib; name = Base; path = Base.lproj/LaunchScreen.xib; sourceTree = "<group>"; };
		D795C9A91AFB0AAD00779E8C /* buttonTests.xctest */ = {isa = PBXFileReference; explicitFileType = wrapper.cfbundle; includeInIndex = 0; path = buttonTests.xctest; sourceTree = BUILT_PRODUCTS_DIR; };
		D795C9AE1AFB0AAD00779E8C /* Info.plist */ = {isa = PBXFileReference; lastKnownFileType = text.plist.xml; path = Info.plist; sourceTree = "<group>"; };
		D795C9AF1AFB0AAD00779E8C /* buttonTests.swift */ = {isa = PBXFileReference; lastKnownFileType = sourcecode.swift; path = buttonTests.swift; sourceTree = "<group>"; };
		D795C9B91AFB292B00779E8C /* doge.jpg */ = {isa = PBXFileReference; lastKnownFileType = image.jpeg; path = doge.jpg; sourceTree = "<group>"; };
		D795C9BB1AFB2D4B00779E8C /* 89002-doge-confused-dog.png.jpeg */ = {isa = PBXFileReference; lastKnownFileType = image.jpeg; path = "89002-doge-confused-dog.png.jpeg"; sourceTree = "<group>"; };
		D795C9BD1AFB2F4B00779E8C /* nyan_cat_wallpaper_by_jeremifier-d3kf4fj.png */ = {isa = PBXFileReference; lastKnownFileType = image.png; path = "nyan_cat_wallpaper_by_jeremifier-d3kf4fj.png"; sourceTree = "<group>"; };
		D795C9BF1AFB33BD00779E8C /* hqdefault.jpg */ = {isa = PBXFileReference; lastKnownFileType = image.jpeg; path = hqdefault.jpg; sourceTree = "<group>"; };
/* End PBXFileReference section */

/* Begin PBXFrameworksBuildPhase section */
		D795C9911AFB0AAC00779E8C /* Frameworks */ = {
			isa = PBXFrameworksBuildPhase;
			buildActionMask = 2147483647;
			files = (
			);
			runOnlyForDeploymentPostprocessing = 0;
		};
		D795C9A61AFB0AAD00779E8C /* Frameworks */ = {
			isa = PBXFrameworksBuildPhase;
			buildActionMask = 2147483647;
			files = (
			);
			runOnlyForDeploymentPostprocessing = 0;
		};
/* End PBXFrameworksBuildPhase section */

/* Begin PBXGroup section */
		D795C98B1AFB0AAC00779E8C = {
			isa = PBXGroup;
			children = (
				D795C9961AFB0AAC00779E8C /* button */,
				D795C9AC1AFB0AAD00779E8C /* buttonTests */,
				D795C9951AFB0AAC00779E8C /* Products */,
			);
			sourceTree = "<group>";
		};
		D795C9951AFB0AAC00779E8C /* Products */ = {
			isa = PBXGroup;
			children = (
				D795C9941AFB0AAC00779E8C /* button.app */,
				D795C9A91AFB0AAD00779E8C /* buttonTests.xctest */,
			);
			name = Products;
			sourceTree = "<group>";
		};
		D795C9961AFB0AAC00779E8C /* button */ = {
			isa = PBXGroup;
			children = (
				D795C9991AFB0AAC00779E8C /* AppDelegate.swift */,
				D795C99B1AFB0AAC00779E8C /* ViewController.swift */,
				D795C99D1AFB0AAD00779E8C /* Main.storyboard */,
				D795C9A01AFB0AAD00779E8C /* Images.xcassets */,
				D795C9A21AFB0AAD00779E8C /* LaunchScreen.xib */,
				D795C9971AFB0AAC00779E8C /* Supporting Files */,
			);
			path = button;
			sourceTree = "<group>";
		};
		D795C9971AFB0AAC00779E8C /* Supporting Files */ = {
			isa = PBXGroup;
			children = (
				D795C9BB1AFB2D4B00779E8C /* 89002-doge-confused-dog.png.jpeg */,
				D795C9BD1AFB2F4B00779E8C /* nyan_cat_wallpaper_by_jeremifier-d3kf4fj.png */,
				D795C9B91AFB292B00779E8C /* doge.jpg */,
				D795C9BF1AFB33BD00779E8C /* hqdefault.jpg */,
				D795C9981AFB0AAC00779E8C /* Info.plist */,
			);
			name = "Supporting Files";
			sourceTree = "<group>";
		};
		D795C9AC1AFB0AAD00779E8C /* buttonTests */ = {
			isa = PBXGroup;
			children = (
				D795C9AF1AFB0AAD00779E8C /* buttonTests.swift */,
				D795C9AD1AFB0AAD00779E8C /* Supporting Files */,
			);
			path = buttonTests;
			sourceTree = "<group>";
		};
		D795C9AD1AFB0AAD00779E8C /* Supporting Files */ = {
			isa = PBXGroup;
			children = (
				D795C9AE1AFB0AAD00779E8C /* Info.plist */,
			);
			name = "Supporting Files";
			sourceTree = "<group>";
		};
/* End PBXGroup section */

/* Begin PBXNativeTarget section */
		D795C9931AFB0AAC00779E8C /* button */ = {
			isa = PBXNativeTarget;
			buildConfigurationList = D795C9B31AFB0AAD00779E8C /* Build configuration list for PBXNativeTarget "button" */;
			buildPhases = (
				D795C9901AFB0AAC00779E8C /* Sources */,
				D795C9911AFB0AAC00779E8C /* Frameworks */,
				D795C9921AFB0AAC00779E8C /* Resources */,
			);
			buildRules = (
			);
			dependencies = (
			);
			name = button;
			productName = button;
			productReference = D795C9941AFB0AAC00779E8C /* button.app */;
			productType = "com.apple.product-type.application";
		};
		D795C9A81AFB0AAD00779E8C /* buttonTests */ = {
			isa = PBXNativeTarget;
			buildConfigurationList = D795C9B61AFB0AAD00779E8C /* Build configuration list for PBXNativeTarget "buttonTests" */;
			buildPhases = (
				D795C9A51AFB0AAD00779E8C /* Sources */,
				D795C9A61AFB0AAD00779E8C /* Frameworks */,
				D795C9A71AFB0AAD00779E8C /* Resources */,
			);
			buildRules = (
			);
			dependencies = (
				D795C9AB1AFB0AAD00779E8C /* PBXTargetDependency */,
			);
			name = buttonTests;
			productName = buttonTests;
			productReference = D795C9A91AFB0AAD00779E8C /* buttonTests.xctest */;
			productType = "com.apple.product-type.bundle.unit-test";
		};
/* End PBXNativeTarget section */

/* Begin PBXProject section */
		D795C98C1AFB0AAC00779E8C /* Project object */ = {
			isa = PBXProject;
			attributes = {
				LastUpgradeCheck = 0630;
				ORGANIZATIONNAME = dogetownbuttonmashers;
				TargetAttributes = {
					D795C9931AFB0AAC00779E8C = {
						CreatedOnToolsVersion = 6.3.1;
					};
					D795C9A81AFB0AAD00779E8C = {
						CreatedOnToolsVersion = 6.3.1;
						TestTargetID = D795C9931AFB0AAC00779E8C;
					};
				};
			};
			buildConfigurationList = D795C98F1AFB0AAC00779E8C /* Build configuration list for PBXProject "button" */;
			compatibilityVersion = "Xcode 3.2";
			developmentRegion = English;
			hasScannedForEncodings = 0;
			knownRegions = (
				en,
				Base,
			);
			mainGroup = D795C98B1AFB0AAC00779E8C;
			productRefGroup = D795C9951AFB0AAC00779E8C /* Products */;
			projectDirPath = "";
			projectRoot = "";
			targets = (
				D795C9931AFB0AAC00779E8C /* button */,
				D795C9A81AFB0AAD00779E8C /* buttonTests */,
			);
		};
/* End PBXProject section */

/* Begin PBXResourcesBuildPhase section */
		D795C9921AFB0AAC00779E8C /* Resources */ = {
			isa = PBXResourcesBuildPhase;
			buildActionMask = 2147483647;
			files = (
				D795C99F1AFB0AAD00779E8C /* Main.storyboard in Resources */,
				D795C9BC1AFB2D4B00779E8C /* 89002-doge-confused-dog.png.jpeg in Resources */,
				D795C9A41AFB0AAD00779E8C /* LaunchScreen.xib in Resources */,
				D795C9BE1AFB2F4B00779E8C /* nyan_cat_wallpaper_by_jeremifier-d3kf4fj.png in Resources */,
				D795C9BA1AFB292B00779E8C /* doge.jpg in Resources */,
				D795C9A11AFB0AAD00779E8C /* Images.xcassets in Resources */,
				D795C9C01AFB33BD00779E8C /* hqdefault.jpg in Resources */,
			);
			runOnlyForDeploymentPostprocessing = 0;
		};
		D795C9A71AFB0AAD00779E8C /* Resources */ = {
			isa = PBXResourcesBuildPhase;
			buildActionMask = 2147483647;
			files = (
			);
			runOnlyForDeploymentPostprocessing = 0;
		};
/* End PBXResourcesBuildPhase section */

/* Begin PBXSourcesBuildPhase section */
		D795C9901AFB0AAC00779E8C /* Sources */ = {
			isa = PBXSourcesBuildPhase;
			buildActionMask = 2147483647;
			files = (
				D795C99C1AFB0AAC00779E8C /* ViewController.swift in Sources */,
				D795C99A1AFB0AAC00779E8C /* AppDelegate.swift in Sources */,
			);
			runOnlyForDeploymentPostprocessing = 0;
		};
		D795C9A51AFB0AAD00779E8C /* Sources */ = {
			isa = PBXSourcesBuildPhase;
			buildActionMask = 2147483647;
			files = (
				D795C9B01AFB0AAD00779E8C /* buttonTests.swift in Sources */,
			);
			runOnlyForDeploymentPostprocessing = 0;
		};
/* End PBXSourcesBuildPhase section */

/* Begin PBXTargetDependency section */
		D795C9AB1AFB0AAD00779E8C /* PBXTargetDependency */ = {
			isa = PBXTargetDependency;
			target = D795C9931AFB0AAC00779E8C /* button */;
			targetProxy = D795C9AA1AFB0AAD00779E8C /* PBXContainerItemProxy */;
		};
/* End PBXTargetDependency section */

/* Begin PBXVariantGroup section */
		D795C99D1AFB0AAD00779E8C /* Main.storyboard */ = {
			isa = PBXVariantGroup;
			children = (
				D795C99E1AFB0AAD00779E8C /* Base */,
			);
			name = Main.storyboard;
			sourceTree = "<group>";
		};
		D795C9A21AFB0AAD00779E8C /* LaunchScreen.xib */ = {
			isa = PBXVariantGroup;
			children = (
				D795C9A31AFB0AAD00779E8C /* Base */,
			);
			name = LaunchScreen.xib;
			sourceTree = "<group>";
		};
/* End PBXVariantGroup section */

/* Begin XCBuildConfiguration section */
		D795C9B11AFB0AAD00779E8C /* Debug */ = {
			isa = XCBuildConfiguration;
			buildSettings = {
				ALWAYS_SEARCH_USER_PATHS = NO;
				CLANG_CXX_LANGUAGE_STANDARD = "gnu++0x";
				CLANG_CXX_LIBRARY = "libc++";
				CLANG_ENABLE_MODULES = YES;
				CLANG_ENABLE_OBJC_ARC = YES;
				CLANG_WARN_BOOL_CONVERSION = YES;
				CLANG_WARN_CONSTANT_CONVERSION = YES;
				CLANG_WARN_DIRECT_OBJC_ISA_USAGE = YES_ERROR;
				CLANG_WARN_EMPTY_BODY = YES;
				CLANG_WARN_ENUM_CONVERSION = YES;
				CLANG_WARN_INT_CONVERSION = YES;
				CLANG_WARN_OBJC_ROOT_CLASS = YES_ERROR;
				CLANG_WARN_UNREACHABLE_CODE = YES;
				CLANG_WARN__DUPLICATE_METHOD_MATCH = YES;
				"CODE_SIGN_IDENTITY[sdk=iphoneos*]" = "iPhone Developer";
				COPY_PHASE_STRIP = NO;
				DEBUG_INFORMATION_FORMAT = "dwarf-with-dsym";
				ENABLE_STRICT_OBJC_MSGSEND = YES;
				GCC_C_LANGUAGE_STANDARD = gnu99;
				GCC_DYNAMIC_NO_PIC = NO;
				GCC_NO_COMMON_BLOCKS = YES;
				GCC_OPTIMIZATION_LEVEL = 0;
				GCC_PREPROCESSOR_DEFINITIONS = (
					"DEBUG=1",
					"$(inherited)",
				);
				GCC_SYMBOLS_PRIVATE_EXTERN = NO;
				GCC_WARN_64_TO_32_BIT_CONVERSION = YES;
				GCC_WARN_ABOUT_RETURN_TYPE = YES_ERROR;
				GCC_WARN_UNDECLARED_SELECTOR = YES;
				GCC_WARN_UNINITIALIZED_AUTOS = YES_AGGRESSIVE;
				GCC_WARN_UNUSED_FUNCTION = YES;
				GCC_WARN_UNUSED_VARIABLE = YES;
				IPHONEOS_DEPLOYMENT_TARGET = 8.3;
				MTL_ENABLE_DEBUG_INFO = YES;
				ONLY_ACTIVE_ARCH = YES;
				SDKROOT = iphoneos;
				SWIFT_OPTIMIZATION_LEVEL = "-Onone";
			};
			name = Debug;
		};
		D795C9B21AFB0AAD00779E8C /* Release */ = {
			isa = XCBuildConfiguration;
			buildSettings = {
				ALWAYS_SEARCH_USER_PATHS = NO;
				CLANG_CXX_LANGUAGE_STANDARD = "gnu++0x";
				CLANG_CXX_LIBRARY = "libc++";
				CLANG_ENABLE_MODULES = YES;
				CLANG_ENABLE_OBJC_ARC = YES;
				CLANG_WARN_BOOL_CONVERSION = YES;
				CLANG_WARN_CONSTANT_CONVERSION = YES;
				CLANG_WARN_DIRECT_OBJC_ISA_USAGE = YES_ERROR;
				CLANG_WARN_EMPTY_BODY = YES;
				CLANG_WARN_ENUM_CONVERSION = YES;
				CLANG_WARN_INT_CONVERSION = YES;
				CLANG_WARN_OBJC_ROOT_CLASS = YES_ERROR;
				CLANG_WARN_UNREACHABLE_CODE = YES;
				CLANG_WARN__DUPLICATE_METHOD_MATCH = YES;
				"CODE_SIGN_IDENTITY[sdk=iphoneos*]" = "iPhone Developer";
				COPY_PHASE_STRIP = NO;
				DEBUG_INFORMATION_FORMAT = "dwarf-with-dsym";
				ENABLE_NS_ASSERTIONS = NO;
				ENABLE_STRICT_OBJC_MSGSEND = YES;
				GCC_C_LANGUAGE_STANDARD = gnu99;
				GCC_NO_COMMON_BLOCKS = YES;
				GCC_WARN_64_TO_32_BIT_CONVERSION = YES;
				GCC_WARN_ABOUT_RETURN_TYPE = YES_ERROR;
				GCC_WARN_UNDECLARED_SELECTOR = YES;
				GCC_WARN_UNINITIALIZED_AUTOS = YES_AGGRESSIVE;
				GCC_WARN_UNUSED_FUNCTION = YES;
				GCC_WARN_UNUSED_VARIABLE = YES;
				IPHONEOS_DEPLOYMENT_TARGET = 8.3;
				MTL_ENABLE_DEBUG_INFO = NO;
				SDKROOT = iphoneos;
				VALIDATE_PRODUCT = YES;
			};
			name = Release;
		};
		D795C9B41AFB0AAD00779E8C /* Debug */ = {
			isa = XCBuildConfiguration;
			buildSettings = {
				ASSETCATALOG_COMPILER_APPICON_NAME = AppIcon;
				INFOPLIST_FILE = button/Info.plist;
				LD_RUNPATH_SEARCH_PATHS = "$(inherited) @executable_path/Frameworks";
				PRODUCT_NAME = "$(TARGET_NAME)";
			};
			name = Debug;
		};
		D795C9B51AFB0AAD00779E8C /* Release */ = {
			isa = XCBuildConfiguration;
			buildSettings = {
				ASSETCATALOG_COMPILER_APPICON_NAME = AppIcon;
				INFOPLIST_FILE = button/Info.plist;
				LD_RUNPATH_SEARCH_PATHS = "$(inherited) @executable_path/Frameworks";
				PRODUCT_NAME = "$(TARGET_NAME)";
			};
			name = Release;
		};
		D795C9B71AFB0AAD00779E8C /* Debug */ = {
			isa = XCBuildConfiguration;
			buildSettings = {
				BUNDLE_LOADER = "$(TEST_HOST)";
				FRAMEWORK_SEARCH_PATHS = (
					"$(SDKROOT)/Developer/Library/Frameworks",
					"$(inherited)",
				);
				GCC_PREPROCESSOR_DEFINITIONS = (
					"DEBUG=1",
					"$(inherited)",
				);
				INFOPLIST_FILE = buttonTests/Info.plist;
				LD_RUNPATH_SEARCH_PATHS = "$(inherited) @executable_path/Frameworks @loader_path/Frameworks";
				PRODUCT_NAME = "$(TARGET_NAME)";
				TEST_HOST = "$(BUILT_PRODUCTS_DIR)/button.app/button";
			};
			name = Debug;
		};
		D795C9B81AFB0AAD00779E8C /* Release */ = {
			isa = XCBuildConfiguration;
			buildSettings = {
				BUNDLE_LOADER = "$(TEST_HOST)";
				FRAMEWORK_SEARCH_PATHS = (
					"$(SDKROOT)/Developer/Library/Frameworks",
					"$(inherited)",
				);
				INFOPLIST_FILE = buttonTests/Info.plist;
				LD_RUNPATH_SEARCH_PATHS = "$(inherited) @executable_path/Frameworks @loader_path/Frameworks";
				PRODUCT_NAME = "$(TARGET_NAME)";
				TEST_HOST = "$(BUILT_PRODUCTS_DIR)/button.app/button";
			};
			name = Release;
		};
/* End XCBuildConfiguration section */

/* Begin XCConfigurationList section */
		D795C98F1AFB0AAC00779E8C /* Build configuration list for PBXProject "button" */ = {
			isa = XCConfigurationList;
			buildConfigurations = (
				D795C9B11AFB0AAD00779E8C /* Debug */,
				D795C9B21AFB0AAD00779E8C /* Release */,
			);
			defaultConfigurationIsVisible = 0;
			defaultConfigurationName = Release;
		};
		D795C9B31AFB0AAD00779E8C /* Build configuration list for PBXNativeTarget "button" */ = {
			isa = XCConfigurationList;
			buildConfigurations = (
				D795C9B41AFB0AAD00779E8C /* Debug */,
				D795C9B51AFB0AAD00779E8C /* Release */,
			);
			defaultConfigurationIsVisible = 0;
		};
		D795C9B61AFB0AAD00779E8C /* Build configuration list for PBXNativeTarget "buttonTests" */ = {
			isa = XCConfigurationList;
			buildConfigurations = (
				D795C9B71AFB0AAD00779E8C /* Debug */,
				D795C9B81AFB0AAD00779E8C /* Release */,
			);
			defaultConfigurationIsVisible = 0;
		};
/* End XCConfigurationList section */
	};
	rootObject = D795C98C1AFB0AAC00779E8C /* Project object */;
}
